PODS:
  - Alamofire (5.4.4)
  - Moya (15.0.0):
    - Moya/Core (= 15.0.0)
  - Moya/Core (15.0.0):
    - Alamofire (~> 5.0)
  - SwiftyJSON (5.0.1)

DEPENDENCIES:
  - Moya
  - SwiftyJSON

SPEC REPOS:
  trunk:
    - Alamofire
    - Moya
    - SwiftyJSON

SPEC CHECKSUMS:
  Alamofire: f3b09a368f1582ab751b3fff5460276e0d2cf5c9
  Moya: 138f0573e53411fb3dc17016add0b748dfbd78ee
  SwiftyJSON: 2f33a42c6fbc52764d96f13368585094bfd8aa5e

PODFILE CHECKSUM: d0f819f873f05106a27040400bdb66b78f26b4d5

COCOAPODS: 1.11.2
